
Microsoft Visual Studio Solution File, Format Version 12.00
# Visual Studio Version 17
VisualStudioVersion = 17.1.32228.430
MinimumVisualStudioVersion = 10.0.40219.1
Project("{9A19103F-16F7-4668-BE54-9A1E7A4F7556}") = "OvermindDogFacts", "OvermindDogFacts\OvermindDogFacts.csproj", "{A40A9CCB-FEE7-4733-98CB-86EAD69F9DC6}"
EndProject
Project("{FAE04EC0-301F-11D3-BF4B-00C04F79EFBC}") = "DogFactsInfra", "DogFactsInfra\DogFactsInfra.csproj", "{1F05C0CE-A98E-403B-97E4-0E423C4FCAB4}"
EndProject
Global
	GlobalSection(SolutionConfigurationPlatforms) = preSolution
		Debug|Any CPU = Debug|Any CPU
		Release|Any CPU = Release|Any CPU
	EndGlobalSection
	GlobalSection(ProjectConfigurationPlatforms) = postSolution
		{A40A9CCB-FEE7-4733-98CB-86EAD69F9DC6}.Debug|Any CPU.ActiveCfg = Debug|Any CPU
		{A40A9CCB-FEE7-4733-98CB-86EAD69F9DC6}.Debug|Any CPU.Build.0 = Debug|Any CPU
		{A40A9CCB-FEE7-4733-98CB-86EAD69F9DC6}.Release|Any CPU.ActiveCfg = Release|Any CPU
		{A40A9CCB-FEE7-4733-98CB-86EAD69F9DC6}.Release|Any CPU.Build.0 = Release|Any CPU
		{1F05C0CE-A98E-403B-97E4-0E423C4FCAB4}.Debug|Any CPU.ActiveCfg = Debug|Any CPU
		{1F05C0CE-A98E-403B-97E4-0E423C4FCAB4}.Debug|Any CPU.Build.0 = Debug|Any CPU
		{1F05C0CE-A98E-403B-97E4-0E423C4FCAB4}.Release|Any CPU.ActiveCfg = Release|Any CPU
		{1F05C0CE-A98E-403B-97E4-0E423C4FCAB4}.Release|Any CPU.Build.0 = Release|Any CPU
	EndGlobalSection
	GlobalSection(SolutionProperties) = preSolution
		HideSolutionNode = FALSE
	EndGlobalSection
	GlobalSection(ExtensibilityGlobals) = postSolution
		SolutionGuid = {86213972-90C8-4154-A4EE-836E273D37A5}
	EndGlobalSection
EndGlobal
